
Microsoft Visual Studio Solution File, Format Version 12.00
Project("{FAE04EC0-301F-11D3-BF4B-00C04F79EFBC}") = "LeQuocVietWFP", "LeQuocVietWFP\LeQuocVietWFP.csproj", "{9AC62847-92F3-4A1D-BD8B-3ED46B2888BE}"
EndProject
Project("{FAE04EC0-301F-11D3-BF4B-00C04F79EFBC}") = "DataAccess", "DataAccess\DataAccess.csproj", "{6F9A02D9-C58D-44CC-A4FA-BC176C11EEBA}"
EndProject
Project("{FAE04EC0-301F-11D3-BF4B-00C04F79EFBC}") = "Repositories", "Repositories\Repositories.csproj", "{6CD47CB4-8B18-44C8-ADDF-AFB6EA097E43}"
EndProject
Project("{FAE04EC0-301F-11D3-BF4B-00C04F79EFBC}") = "BusinessObject", "BusinessObject\BusinessObject.csproj", "{BCF63112-259F-47C5-ABAF-07965E164429}"
EndProject
Project("{FAE04EC0-301F-11D3-BF4B-00C04F79EFBC}") = "Services", "Services\Services.csproj", "{99F145E1-1E65-42BF-BEC3-F8D3F972A0CE}"
EndProject
Project("{FAE04EC0-301F-11D3-BF4B-00C04F79EFBC}") = "LeQuocVietRazor", "LeQuocVietRazor\LeQuocVietRazor.csproj", "{6C311FB3-364F-4739-8355-35BF380A2D5C}"
EndProject
Global
	GlobalSection(SolutionConfigurationPlatforms) = preSolution
		Debug|Any CPU = Debug|Any CPU
		Release|Any CPU = Release|Any CPU
	EndGlobalSection
	GlobalSection(ProjectConfigurationPlatforms) = postSolution
		{9AC62847-92F3-4A1D-BD8B-3ED46B2888BE}.Debug|Any CPU.ActiveCfg = Debug|Any CPU
		{9AC62847-92F3-4A1D-BD8B-3ED46B2888BE}.Debug|Any CPU.Build.0 = Debug|Any CPU
		{9AC62847-92F3-4A1D-BD8B-3ED46B2888BE}.Release|Any CPU.ActiveCfg = Release|Any CPU
		{9AC62847-92F3-4A1D-BD8B-3ED46B2888BE}.Release|Any CPU.Build.0 = Release|Any CPU
		{6F9A02D9-C58D-44CC-A4FA-BC176C11EEBA}.Debug|Any CPU.ActiveCfg = Debug|Any CPU
		{6F9A02D9-C58D-44CC-A4FA-BC176C11EEBA}.Debug|Any CPU.Build.0 = Debug|Any CPU
		{6F9A02D9-C58D-44CC-A4FA-BC176C11EEBA}.Release|Any CPU.ActiveCfg = Release|Any CPU
		{6F9A02D9-C58D-44CC-A4FA-BC176C11EEBA}.Release|Any CPU.Build.0 = Release|Any CPU
		{6CD47CB4-8B18-44C8-ADDF-AFB6EA097E43}.Debug|Any CPU.ActiveCfg = Debug|Any CPU
		{6CD47CB4-8B18-44C8-ADDF-AFB6EA097E43}.Debug|Any CPU.Build.0 = Debug|Any CPU
		{6CD47CB4-8B18-44C8-ADDF-AFB6EA097E43}.Release|Any CPU.ActiveCfg = Release|Any CPU
		{6CD47CB4-8B18-44C8-ADDF-AFB6EA097E43}.Release|Any CPU.Build.0 = Release|Any CPU
		{BCF63112-259F-47C5-ABAF-07965E164429}.Debug|Any CPU.ActiveCfg = Debug|Any CPU
		{BCF63112-259F-47C5-ABAF-07965E164429}.Debug|Any CPU.Build.0 = Debug|Any CPU
		{BCF63112-259F-47C5-ABAF-07965E164429}.Release|Any CPU.ActiveCfg = Release|Any CPU
		{BCF63112-259F-47C5-ABAF-07965E164429}.Release|Any CPU.Build.0 = Release|Any CPU
		{99F145E1-1E65-42BF-BEC3-F8D3F972A0CE}.Debug|Any CPU.ActiveCfg = Debug|Any CPU
		{99F145E1-1E65-42BF-BEC3-F8D3F972A0CE}.Debug|Any CPU.Build.0 = Debug|Any CPU
		{99F145E1-1E65-42BF-BEC3-F8D3F972A0CE}.Release|Any CPU.ActiveCfg = Release|Any CPU
		{99F145E1-1E65-42BF-BEC3-F8D3F972A0CE}.Release|Any CPU.Build.0 = Release|Any CPU
		{6C311FB3-364F-4739-8355-35BF380A2D5C}.Debug|Any CPU.ActiveCfg = Debug|Any CPU
		{6C311FB3-364F-4739-8355-35BF380A2D5C}.Debug|Any CPU.Build.0 = Debug|Any CPU
		{6C311FB3-364F-4739-8355-35BF380A2D5C}.Release|Any CPU.ActiveCfg = Release|Any CPU
		{6C311FB3-364F-4739-8355-35BF380A2D5C}.Release|Any CPU.Build.0 = Release|Any CPU
	EndGlobalSection
EndGlobal
